
Microsoft Visual Studio Solution File, Format Version 12.00
# Visual Studio Version 16
VisualStudioVersion = 16.0.29021.104
MinimumVisualStudioVersion = 10.0.40219.1
Project("{FAE04EC0-301F-11D3-BF4B-00C04F79EFBC}") = "Main", "Main\Main.csproj", "{3BDFA0A4-29AC-4144-876E-B8F6D9539166}"
EndProject
Project("{FAE04EC0-301F-11D3-BF4B-00C04F79EFBC}") = "DealPLC", "DealPLC\DealPLC.csproj", "{E0C69D39-3105-480B-BBFE-26DC4F886864}"
EndProject
Project("{FAE04EC0-301F-11D3-BF4B-00C04F79EFBC}") = "DealConfigFile", "DealConfigFile\DealConfigFile.csproj", "{5713E4A9-45BD-4D40-9EF5-81B679F605EA}"
EndProject
Project("{FAE04EC0-301F-11D3-BF4B-00C04F79EFBC}") = "DealFile", "DealFiles\DealFile.csproj", "{ED6A6F85-661B-4066-8DB2-BA97A205E824}"
EndProject
Project("{FAE04EC0-301F-11D3-BF4B-00C04F79EFBC}") = "DealLog", "DealLog\DealLog.csproj", "{56D56A34-7E95-48D2-965A-A3BD9BA6DD7E}"
EndProject
Project("{FAE04EC0-301F-11D3-BF4B-00C04F79EFBC}") = "DealRobot", "DealRobot\DealRobot.csproj", "{2429126B-59E1-4D64-8A0C-45FD56B5B672}"
EndProject
Project("{FAE04EC0-301F-11D3-BF4B-00C04F79EFBC}") = "SetPar", "SetPar\SetPar.csproj", "{D4868C16-B049-4ED6-90A3-73B72D3480DA}"
EndProject
Project("{FAE04EC0-301F-11D3-BF4B-00C04F79EFBC}") = "Camera", "Camera\Camera.csproj", "{1E3DA65D-2777-413C-A00A-A4C90B544700}"
EndProject
Project("{FAE04EC0-301F-11D3-BF4B-00C04F79EFBC}") = "DealCIM", "DealCIM\DealCIM.csproj", "{B8203736-3A4C-4B7E-BA54-12AB3B0DEBA2}"
EndProject
Global
	GlobalSection(SolutionConfigurationPlatforms) = preSolution
		anycpu|Any CPU = anycpu|Any CPU
		anycpu|Mixed Platforms = anycpu|Mixed Platforms
		anycpu|Win32 = anycpu|Win32
		anycpu|x64 = anycpu|x64
		anycpu|x86 = anycpu|x86
		Debug|Any CPU = Debug|Any CPU
		Debug|Mixed Platforms = Debug|Mixed Platforms
		Debug|Win32 = Debug|Win32
		Debug|x64 = Debug|x64
		Debug|x86 = Debug|x86
		Release|Any CPU = Release|Any CPU
		Release|Mixed Platforms = Release|Mixed Platforms
		Release|Win32 = Release|Win32
		Release|x64 = Release|x64
		Release|x86 = Release|x86
	EndGlobalSection
	GlobalSection(ProjectConfigurationPlatforms) = postSolution
		{3BDFA0A4-29AC-4144-876E-B8F6D9539166}.anycpu|Any CPU.ActiveCfg = Release|Any CPU
		{3BDFA0A4-29AC-4144-876E-B8F6D9539166}.anycpu|Any CPU.Build.0 = Release|Any CPU
		{3BDFA0A4-29AC-4144-876E-B8F6D9539166}.anycpu|Mixed Platforms.ActiveCfg = Release|x86
		{3BDFA0A4-29AC-4144-876E-B8F6D9539166}.anycpu|Mixed Platforms.Build.0 = Release|x86
		{3BDFA0A4-29AC-4144-876E-B8F6D9539166}.anycpu|Win32.ActiveCfg = Release|x86
		{3BDFA0A4-29AC-4144-876E-B8F6D9539166}.anycpu|Win32.Build.0 = Release|x86
		{3BDFA0A4-29AC-4144-876E-B8F6D9539166}.anycpu|x64.ActiveCfg = Release|x64
		{3BDFA0A4-29AC-4144-876E-B8F6D9539166}.anycpu|x64.Build.0 = Release|x64
		{3BDFA0A4-29AC-4144-876E-B8F6D9539166}.anycpu|x86.ActiveCfg = Release|x86
		{3BDFA0A4-29AC-4144-876E-B8F6D9539166}.anycpu|x86.Build.0 = Release|x86
		{3BDFA0A4-29AC-4144-876E-B8F6D9539166}.Debug|Any CPU.ActiveCfg = Debug|Any CPU
		{3BDFA0A4-29AC-4144-876E-B8F6D9539166}.Debug|Any CPU.Build.0 = Debug|Any CPU
		{3BDFA0A4-29AC-4144-876E-B8F6D9539166}.Debug|Mixed Platforms.ActiveCfg = Debug|Any CPU
		{3BDFA0A4-29AC-4144-876E-B8F6D9539166}.Debug|Mixed Platforms.Build.0 = Debug|Any CPU
		{3BDFA0A4-29AC-4144-876E-B8F6D9539166}.Debug|Win32.ActiveCfg = Debug|x86
		{3BDFA0A4-29AC-4144-876E-B8F6D9539166}.Debug|x64.ActiveCfg = Debug|x64
		{3BDFA0A4-29AC-4144-876E-B8F6D9539166}.Debug|x64.Build.0 = Debug|x64
		{3BDFA0A4-29AC-4144-876E-B8F6D9539166}.Debug|x86.ActiveCfg = Debug|x86
		{3BDFA0A4-29AC-4144-876E-B8F6D9539166}.Debug|x86.Build.0 = Debug|x86
		{3BDFA0A4-29AC-4144-876E-B8F6D9539166}.Release|Any CPU.ActiveCfg = Release|x86
		{3BDFA0A4-29AC-4144-876E-B8F6D9539166}.Release|Mixed Platforms.ActiveCfg = Release|x86
		{3BDFA0A4-29AC-4144-876E-B8F6D9539166}.Release|Mixed Platforms.Build.0 = Release|x86
		{3BDFA0A4-29AC-4144-876E-B8F6D9539166}.Release|Win32.ActiveCfg = Release|x86
		{3BDFA0A4-29AC-4144-876E-B8F6D9539166}.Release|x64.ActiveCfg = Release|x86
		{3BDFA0A4-29AC-4144-876E-B8F6D9539166}.Release|x86.ActiveCfg = Release|x86
		{3BDFA0A4-29AC-4144-876E-B8F6D9539166}.Release|x86.Build.0 = Release|x86
		{E0C69D39-3105-480B-BBFE-26DC4F886864}.anycpu|Any CPU.ActiveCfg = Release|Any CPU
		{E0C69D39-3105-480B-BBFE-26DC4F886864}.anycpu|Any CPU.Build.0 = Release|Any CPU
		{E0C69D39-3105-480B-BBFE-26DC4F886864}.anycpu|Mixed Platforms.ActiveCfg = Release|x86
		{E0C69D39-3105-480B-BBFE-26DC4F886864}.anycpu|Mixed Platforms.Build.0 = Release|x86
		{E0C69D39-3105-480B-BBFE-26DC4F886864}.anycpu|Win32.ActiveCfg = Release|x86
		{E0C69D39-3105-480B-BBFE-26DC4F886864}.anycpu|Win32.Build.0 = Release|x86
		{E0C69D39-3105-480B-BBFE-26DC4F886864}.anycpu|x64.ActiveCfg = Release|x64
		{E0C69D39-3105-480B-BBFE-26DC4F886864}.anycpu|x64.Build.0 = Release|x64
		{E0C69D39-3105-480B-BBFE-26DC4F886864}.anycpu|x86.ActiveCfg = Release|x86
		{E0C69D39-3105-480B-BBFE-26DC4F886864}.anycpu|x86.Build.0 = Release|x86
		{E0C69D39-3105-480B-BBFE-26DC4F886864}.Debug|Any CPU.ActiveCfg = Debug|Any CPU
		{E0C69D39-3105-480B-BBFE-26DC4F886864}.Debug|Any CPU.Build.0 = Debug|Any CPU
		{E0C69D39-3105-480B-BBFE-26DC4F886864}.Debug|Mixed Platforms.ActiveCfg = Debug|Any CPU
		{E0C69D39-3105-480B-BBFE-26DC4F886864}.Debug|Win32.ActiveCfg = Debug|x86
		{E0C69D39-3105-480B-BBFE-26DC4F886864}.Debug|x64.ActiveCfg = Debug|x64
		{E0C69D39-3105-480B-BBFE-26DC4F886864}.Debug|x86.ActiveCfg = Debug|x86
		{E0C69D39-3105-480B-BBFE-26DC4F886864}.Debug|x86.Build.0 = Debug|x86
		{E0C69D39-3105-480B-BBFE-26DC4F886864}.Release|Any CPU.ActiveCfg = Release|x86
		{E0C69D39-3105-480B-BBFE-26DC4F886864}.Release|Mixed Platforms.ActiveCfg = Release|x86
		{E0C69D39-3105-480B-BBFE-26DC4F886864}.Release|Mixed Platforms.Build.0 = Release|x86
		{E0C69D39-3105-480B-BBFE-26DC4F886864}.Release|Win32.ActiveCfg = Release|x86
		{E0C69D39-3105-480B-BBFE-26DC4F886864}.Release|x64.ActiveCfg = Release|x64
		{E0C69D39-3105-480B-BBFE-26DC4F886864}.Release|x64.Build.0 = Release|x64
		{E0C69D39-3105-480B-BBFE-26DC4F886864}.Release|x86.ActiveCfg = Release|x86
		{E0C69D39-3105-480B-BBFE-26DC4F886864}.Release|x86.Build.0 = Release|x86
		{5713E4A9-45BD-4D40-9EF5-81B679F605EA}.anycpu|Any CPU.ActiveCfg = Release|Any CPU
		{5713E4A9-45BD-4D40-9EF5-81B679F605EA}.anycpu|Any CPU.Build.0 = Release|Any CPU
		{5713E4A9-45BD-4D40-9EF5-81B679F605EA}.anycpu|Mixed Platforms.ActiveCfg = Release|x86
		{5713E4A9-45BD-4D40-9EF5-81B679F605EA}.anycpu|Mixed Platforms.Build.0 = Release|x86
		{5713E4A9-45BD-4D40-9EF5-81B679F605EA}.anycpu|Win32.ActiveCfg = Release|x86
		{5713E4A9-45BD-4D40-9EF5-81B679F605EA}.anycpu|Win32.Build.0 = Release|x86
		{5713E4A9-45BD-4D40-9EF5-81B679F605EA}.anycpu|x64.ActiveCfg = Release|x64
		{5713E4A9-45BD-4D40-9EF5-81B679F605EA}.anycpu|x64.Build.0 = Release|x64
		{5713E4A9-45BD-4D40-9EF5-81B679F605EA}.anycpu|x86.ActiveCfg = Release|x86
		{5713E4A9-45BD-4D40-9EF5-81B679F605EA}.anycpu|x86.Build.0 = Release|x86
		{5713E4A9-45BD-4D40-9EF5-81B679F605EA}.Debug|Any CPU.ActiveCfg = Debug|Any CPU
		{5713E4A9-45BD-4D40-9EF5-81B679F605EA}.Debug|Any CPU.Build.0 = Debug|Any CPU
		{5713E4A9-45BD-4D40-9EF5-81B679F605EA}.Debug|Mixed Platforms.ActiveCfg = Debug|Any CPU
		{5713E4A9-45BD-4D40-9EF5-81B679F605EA}.Debug|Win32.ActiveCfg = Debug|x86
		{5713E4A9-45BD-4D40-9EF5-81B679F605EA}.Debug|x64.ActiveCfg = Debug|x64
		{5713E4A9-45BD-4D40-9EF5-81B679F605EA}.Debug|x86.ActiveCfg = Debug|x86
		{5713E4A9-45BD-4D40-9EF5-81B679F605EA}.Debug|x86.Build.0 = Debug|x86
		{5713E4A9-45BD-4D40-9EF5-81B679F605EA}.Release|Any CPU.ActiveCfg = Release|x86
		{5713E4A9-45BD-4D40-9EF5-81B679F605EA}.Release|Mixed Platforms.ActiveCfg = Release|x86
		{5713E4A9-45BD-4D40-9EF5-81B679F605EA}.Release|Mixed Platforms.Build.0 = Release|x86
		{5713E4A9-45BD-4D40-9EF5-81B679F605EA}.Release|Win32.ActiveCfg = Release|x86
		{5713E4A9-45BD-4D40-9EF5-81B679F605EA}.Release|x64.ActiveCfg = Release|x64
		{5713E4A9-45BD-4D40-9EF5-81B679F605EA}.Release|x64.Build.0 = Release|x64
		{5713E4A9-45BD-4D40-9EF5-81B679F605EA}.Release|x86.ActiveCfg = Release|x86
		{5713E4A9-45BD-4D40-9EF5-81B679F605EA}.Release|x86.Build.0 = Release|x86
		{ED6A6F85-661B-4066-8DB2-BA97A205E824}.anycpu|Any CPU.ActiveCfg = Release|Any CPU
		{ED6A6F85-661B-4066-8DB2-BA97A205E824}.anycpu|Any CPU.Build.0 = Release|Any CPU
		{ED6A6F85-661B-4066-8DB2-BA97A205E824}.anycpu|Mixed Platforms.ActiveCfg = Release|x86
		{ED6A6F85-661B-4066-8DB2-BA97A205E824}.anycpu|Mixed Platforms.Build.0 = Release|x86
		{ED6A6F85-661B-4066-8DB2-BA97A205E824}.anycpu|Win32.ActiveCfg = Release|x86
		{ED6A6F85-661B-4066-8DB2-BA97A205E824}.anycpu|Win32.Build.0 = Release|x86
		{ED6A6F85-661B-4066-8DB2-BA97A205E824}.anycpu|x64.ActiveCfg = Release|x64
		{ED6A6F85-661B-4066-8DB2-BA97A205E824}.anycpu|x64.Build.0 = Release|x64
		{ED6A6F85-661B-4066-8DB2-BA97A205E824}.anycpu|x86.ActiveCfg = Release|x86
		{ED6A6F85-661B-4066-8DB2-BA97A205E824}.anycpu|x86.Build.0 = Release|x86
		{ED6A6F85-661B-4066-8DB2-BA97A205E824}.Debug|Any CPU.ActiveCfg = Debug|Any CPU
		{ED6A6F85-661B-4066-8DB2-BA97A205E824}.Debug|Any CPU.Build.0 = Debug|Any CPU
		{ED6A6F85-661B-4066-8DB2-BA97A205E824}.Debug|Mixed Platforms.ActiveCfg = Debug|Any CPU
		{ED6A6F85-661B-4066-8DB2-BA97A205E824}.Debug|Win32.ActiveCfg = Debug|Any CPU
		{ED6A6F85-661B-4066-8DB2-BA97A205E824}.Debug|x64.ActiveCfg = Debug|x64
		{ED6A6F85-661B-4066-8DB2-BA97A205E824}.Debug|x86.ActiveCfg = Debug|Any CPU
		{ED6A6F85-661B-4066-8DB2-BA97A205E824}.Release|Any CPU.ActiveCfg = Release|Any CPU
		{ED6A6F85-661B-4066-8DB2-BA97A205E824}.Release|Any CPU.Build.0 = Release|Any CPU
		{ED6A6F85-661B-4066-8DB2-BA97A205E824}.Release|Mixed Platforms.ActiveCfg = Release|Any CPU
		{ED6A6F85-661B-4066-8DB2-BA97A205E824}.Release|Mixed Platforms.Build.0 = Release|Any CPU
		{ED6A6F85-661B-4066-8DB2-BA97A205E824}.Release|Win32.ActiveCfg = Release|Any CPU
		{ED6A6F85-661B-4066-8DB2-BA97A205E824}.Release|x64.ActiveCfg = Release|x64
		{ED6A6F85-661B-4066-8DB2-BA97A205E824}.Release|x64.Build.0 = Release|x64
		{ED6A6F85-661B-4066-8DB2-BA97A205E824}.Release|x86.ActiveCfg = Release|Any CPU
		{56D56A34-7E95-48D2-965A-A3BD9BA6DD7E}.anycpu|Any CPU.ActiveCfg = Release|Any CPU
		{56D56A34-7E95-48D2-965A-A3BD9BA6DD7E}.anycpu|Any CPU.Build.0 = Release|Any CPU
		{56D56A34-7E95-48D2-965A-A3BD9BA6DD7E}.anycpu|Mixed Platforms.ActiveCfg = Release|x86
		{56D56A34-7E95-48D2-965A-A3BD9BA6DD7E}.anycpu|Mixed Platforms.Build.0 = Release|x86
		{56D56A34-7E95-48D2-965A-A3BD9BA6DD7E}.anycpu|Win32.ActiveCfg = Release|x86
		{56D56A34-7E95-48D2-965A-A3BD9BA6DD7E}.anycpu|Win32.Build.0 = Release|x86
		{56D56A34-7E95-48D2-965A-A3BD9BA6DD7E}.anycpu|x64.ActiveCfg = Release|x64
		{56D56A34-7E95-48D2-965A-A3BD9BA6DD7E}.anycpu|x64.Build.0 = Release|x64
		{56D56A34-7E95-48D2-965A-A3BD9BA6DD7E}.anycpu|x86.ActiveCfg = Release|x86
		{56D56A34-7E95-48D2-965A-A3BD9BA6DD7E}.anycpu|x86.Build.0 = Release|x86
		{56D56A34-7E95-48D2-965A-A3BD9BA6DD7E}.Debug|Any CPU.ActiveCfg = Debug|Any CPU
		{56D56A34-7E95-48D2-965A-A3BD9BA6DD7E}.Debug|Any CPU.Build.0 = Debug|Any CPU
		{56D56A34-7E95-48D2-965A-A3BD9BA6DD7E}.Debug|Mixed Platforms.ActiveCfg = Debug|Any CPU
		{56D56A34-7E95-48D2-965A-A3BD9BA6DD7E}.Debug|Win32.ActiveCfg = Debug|x86
		{56D56A34-7E95-48D2-965A-A3BD9BA6DD7E}.Debug|x64.ActiveCfg = Debug|x64
		{56D56A34-7E95-48D2-965A-A3BD9BA6DD7E}.Debug|x86.ActiveCfg = Debug|x86
		{56D56A34-7E95-48D2-965A-A3BD9BA6DD7E}.Debug|x86.Build.0 = Debug|x86
		{56D56A34-7E95-48D2-965A-A3BD9BA6DD7E}.Release|Any CPU.ActiveCfg = Release|x86
		{56D56A34-7E95-48D2-965A-A3BD9BA6DD7E}.Release|Mixed Platforms.ActiveCfg = Release|x86
		{56D56A34-7E95-48D2-965A-A3BD9BA6DD7E}.Release|Mixed Platforms.Build.0 = Release|x86
		{56D56A34-7E95-48D2-965A-A3BD9BA6DD7E}.Release|Win32.ActiveCfg = Release|x86
		{56D56A34-7E95-48D2-965A-A3BD9BA6DD7E}.Release|x64.ActiveCfg = Release|x64
		{56D56A34-7E95-48D2-965A-A3BD9BA6DD7E}.Release|x64.Build.0 = Release|x64
		{56D56A34-7E95-48D2-965A-A3BD9BA6DD7E}.Release|x86.ActiveCfg = Release|x86
		{56D56A34-7E95-48D2-965A-A3BD9BA6DD7E}.Release|x86.Build.0 = Release|x86
		{2429126B-59E1-4D64-8A0C-45FD56B5B672}.anycpu|Any CPU.ActiveCfg = Release|Any CPU
		{2429126B-59E1-4D64-8A0C-45FD56B5B672}.anycpu|Any CPU.Build.0 = Release|Any CPU
		{2429126B-59E1-4D64-8A0C-45FD56B5B672}.anycpu|Mixed Platforms.ActiveCfg = Release|x86
		{2429126B-59E1-4D64-8A0C-45FD56B5B672}.anycpu|Mixed Platforms.Build.0 = Release|x86
		{2429126B-59E1-4D64-8A0C-45FD56B5B672}.anycpu|Win32.ActiveCfg = Release|x86
		{2429126B-59E1-4D64-8A0C-45FD56B5B672}.anycpu|Win32.Build.0 = Release|x86
		{2429126B-59E1-4D64-8A0C-45FD56B5B672}.anycpu|x64.ActiveCfg = Release|x64
		{2429126B-59E1-4D64-8A0C-45FD56B5B672}.anycpu|x64.Build.0 = Release|x64
		{2429126B-59E1-4D64-8A0C-45FD56B5B672}.anycpu|x86.ActiveCfg = Release|x86
		{2429126B-59E1-4D64-8A0C-45FD56B5B672}.anycpu|x86.Build.0 = Release|x86
		{2429126B-59E1-4D64-8A0C-45FD56B5B672}.Debug|Any CPU.ActiveCfg = Debug|Any CPU
		{2429126B-59E1-4D64-8A0C-45FD56B5B672}.Debug|Any CPU.Build.0 = Debug|Any CPU
		{2429126B-59E1-4D64-8A0C-45FD56B5B672}.Debug|Mixed Platforms.ActiveCfg = Debug|Any CPU
		{2429126B-59E1-4D64-8A0C-45FD56B5B672}.Debug|Win32.ActiveCfg = Debug|Any CPU
		{2429126B-59E1-4D64-8A0C-45FD56B5B672}.Debug|x64.ActiveCfg = Debug|x64
		{2429126B-59E1-4D64-8A0C-45FD56B5B672}.Debug|x86.ActiveCfg = Debug|x86
		{2429126B-59E1-4D64-8A0C-45FD56B5B672}.Debug|x86.Build.0 = Debug|x86
		{2429126B-59E1-4D64-8A0C-45FD56B5B672}.Release|Any CPU.ActiveCfg = Release|Any CPU
		{2429126B-59E1-4D64-8A0C-45FD56B5B672}.Release|Any CPU.Build.0 = Release|Any CPU
		{2429126B-59E1-4D64-8A0C-45FD56B5B672}.Release|Mixed Platforms.ActiveCfg = Release|Any CPU
		{2429126B-59E1-4D64-8A0C-45FD56B5B672}.Release|Mixed Platforms.Build.0 = Release|Any CPU
		{2429126B-59E1-4D64-8A0C-45FD56B5B672}.Release|Win32.ActiveCfg = Release|Any CPU
		{2429126B-59E1-4D64-8A0C-45FD56B5B672}.Release|x64.ActiveCfg = Release|x64
		{2429126B-59E1-4D64-8A0C-45FD56B5B672}.Release|x64.Build.0 = Release|x64
		{2429126B-59E1-4D64-8A0C-45FD56B5B672}.Release|x86.ActiveCfg = Release|x86
		{2429126B-59E1-4D64-8A0C-45FD56B5B672}.Release|x86.Build.0 = Release|x86
		{D4868C16-B049-4ED6-90A3-73B72D3480DA}.anycpu|Any CPU.ActiveCfg = Release|Any CPU
		{D4868C16-B049-4ED6-90A3-73B72D3480DA}.anycpu|Any CPU.Build.0 = Release|Any CPU
		{D4868C16-B049-4ED6-90A3-73B72D3480DA}.anycpu|Mixed Platforms.ActiveCfg = Release|x86
		{D4868C16-B049-4ED6-90A3-73B72D3480DA}.anycpu|Mixed Platforms.Build.0 = Release|x86
		{D4868C16-B049-4ED6-90A3-73B72D3480DA}.anycpu|Win32.ActiveCfg = Release|x86
		{D4868C16-B049-4ED6-90A3-73B72D3480DA}.anycpu|Win32.Build.0 = Release|x86
		{D4868C16-B049-4ED6-90A3-73B72D3480DA}.anycpu|x64.ActiveCfg = Release|x64
		{D4868C16-B049-4ED6-90A3-73B72D3480DA}.anycpu|x64.Build.0 = Release|x64
		{D4868C16-B049-4ED6-90A3-73B72D3480DA}.anycpu|x86.ActiveCfg = Release|x86
		{D4868C16-B049-4ED6-90A3-73B72D3480DA}.anycpu|x86.Build.0 = Release|x86
		{D4868C16-B049-4ED6-90A3-73B72D3480DA}.Debug|Any CPU.ActiveCfg = Debug|Any CPU
		{D4868C16-B049-4ED6-90A3-73B72D3480DA}.Debug|Any CPU.Build.0 = Debug|Any CPU
		{D4868C16-B049-4ED6-90A3-73B72D3480DA}.Debug|Mixed Platforms.ActiveCfg = Debug|Any CPU
		{D4868C16-B049-4ED6-90A3-73B72D3480DA}.Debug|Win32.ActiveCfg = Debug|Any CPU
		{D4868C16-B049-4ED6-90A3-73B72D3480DA}.Debug|x64.ActiveCfg = Debug|x64
		{D4868C16-B049-4ED6-90A3-73B72D3480DA}.Debug|x86.ActiveCfg = Debug|x86
		{D4868C16-B049-4ED6-90A3-73B72D3480DA}.Debug|x86.Build.0 = Debug|x86
		{D4868C16-B049-4ED6-90A3-73B72D3480DA}.Release|Any CPU.ActiveCfg = Release|Any CPU
		{D4868C16-B049-4ED6-90A3-73B72D3480DA}.Release|Any CPU.Build.0 = Release|Any CPU
		{D4868C16-B049-4ED6-90A3-73B72D3480DA}.Release|Mixed Platforms.ActiveCfg = Release|Any CPU
		{D4868C16-B049-4ED6-90A3-73B72D3480DA}.Release|Mixed Platforms.Build.0 = Release|Any CPU
		{D4868C16-B049-4ED6-90A3-73B72D3480DA}.Release|Win32.ActiveCfg = Release|Any CPU
		{D4868C16-B049-4ED6-90A3-73B72D3480DA}.Release|x64.ActiveCfg = Release|x64
		{D4868C16-B049-4ED6-90A3-73B72D3480DA}.Release|x64.Build.0 = Release|x64
		{D4868C16-B049-4ED6-90A3-73B72D3480DA}.Release|x86.ActiveCfg = Release|x86
		{D4868C16-B049-4ED6-90A3-73B72D3480DA}.Release|x86.Build.0 = Release|x86
		{1E3DA65D-2777-413C-A00A-A4C90B544700}.anycpu|Any CPU.ActiveCfg = Release|Any CPU
		{1E3DA65D-2777-413C-A00A-A4C90B544700}.anycpu|Any CPU.Build.0 = Release|Any CPU
		{1E3DA65D-2777-413C-A00A-A4C90B544700}.anycpu|Mixed Platforms.ActiveCfg = Release|x86
		{1E3DA65D-2777-413C-A00A-A4C90B544700}.anycpu|Mixed Platforms.Build.0 = Release|x86
		{1E3DA65D-2777-413C-A00A-A4C90B544700}.anycpu|Win32.ActiveCfg = Release|x86
		{1E3DA65D-2777-413C-A00A-A4C90B544700}.anycpu|Win32.Build.0 = Release|x86
		{1E3DA65D-2777-413C-A00A-A4C90B544700}.anycpu|x64.ActiveCfg = Release|x64
		{1E3DA65D-2777-413C-A00A-A4C90B544700}.anycpu|x64.Build.0 = Release|x64
		{1E3DA65D-2777-413C-A00A-A4C90B544700}.anycpu|x86.ActiveCfg = Release|x86
		{1E3DA65D-2777-413C-A00A-A4C90B544700}.anycpu|x86.Build.0 = Release|x86
		{1E3DA65D-2777-413C-A00A-A4C90B544700}.Debug|Any CPU.ActiveCfg = Debug|Any CPU
		{1E3DA65D-2777-413C-A00A-A4C90B544700}.Debug|Any CPU.Build.0 = Debug|Any CPU
		{1E3DA65D-2777-413C-A00A-A4C90B544700}.Debug|Mixed Platforms.ActiveCfg = Debug|Any CPU
		{1E3DA65D-2777-413C-A00A-A4C90B544700}.Debug|Mixed Platforms.Build.0 = Debug|Any CPU
		{1E3DA65D-2777-413C-A00A-A4C90B544700}.Debug|Win32.ActiveCfg = Debug|x86
		{1E3DA65D-2777-413C-A00A-A4C90B544700}.Debug|Win32.Build.0 = Debug|x86
		{1E3DA65D-2777-413C-A00A-A4C90B544700}.Debug|x64.ActiveCfg = Debug|x64
		{1E3DA65D-2777-413C-A00A-A4C90B544700}.Debug|x64.Build.0 = Debug|x64
		{1E3DA65D-2777-413C-A00A-A4C90B544700}.Debug|x86.ActiveCfg = Debug|x86
		{1E3DA65D-2777-413C-A00A-A4C90B544700}.Debug|x86.Build.0 = Debug|x86
		{1E3DA65D-2777-413C-A00A-A4C90B544700}.Release|Any CPU.ActiveCfg = Release|Any CPU
		{1E3DA65D-2777-413C-A00A-A4C90B544700}.Release|Any CPU.Build.0 = Release|Any CPU
		{1E3DA65D-2777-413C-A00A-A4C90B544700}.Release|Mixed Platforms.ActiveCfg = Release|x86
		{1E3DA65D-2777-413C-A00A-A4C90B544700}.Release|Mixed Platforms.Build.0 = Release|x86
		{1E3DA65D-2777-413C-A00A-A4C90B544700}.Release|Win32.ActiveCfg = Release|x86
		{1E3DA65D-2777-413C-A00A-A4C90B544700}.Release|Win32.Build.0 = Release|x86
		{1E3DA65D-2777-413C-A00A-A4C90B544700}.Release|x64.ActiveCfg = Release|x64
		{1E3DA65D-2777-413C-A00A-A4C90B544700}.Release|x64.Build.0 = Release|x64
		{1E3DA65D-2777-413C-A00A-A4C90B544700}.Release|x86.ActiveCfg = Release|x86
		{1E3DA65D-2777-413C-A00A-A4C90B544700}.Release|x86.Build.0 = Release|x86
		{B8203736-3A4C-4B7E-BA54-12AB3B0DEBA2}.anycpu|Any CPU.ActiveCfg = anycpu|Any CPU
		{B8203736-3A4C-4B7E-BA54-12AB3B0DEBA2}.anycpu|Any CPU.Build.0 = anycpu|Any CPU
		{B8203736-3A4C-4B7E-BA54-12AB3B0DEBA2}.anycpu|Mixed Platforms.ActiveCfg = anycpu|x86
		{B8203736-3A4C-4B7E-BA54-12AB3B0DEBA2}.anycpu|Mixed Platforms.Build.0 = anycpu|x86
		{B8203736-3A4C-4B7E-BA54-12AB3B0DEBA2}.anycpu|Win32.ActiveCfg = anycpu|x86
		{B8203736-3A4C-4B7E-BA54-12AB3B0DEBA2}.anycpu|Win32.Build.0 = anycpu|x86
		{B8203736-3A4C-4B7E-BA54-12AB3B0DEBA2}.anycpu|x64.ActiveCfg = anycpu|x64
		{B8203736-3A4C-4B7E-BA54-12AB3B0DEBA2}.anycpu|x64.Build.0 = anycpu|x64
		{B8203736-3A4C-4B7E-BA54-12AB3B0DEBA2}.anycpu|x86.ActiveCfg = anycpu|x86
		{B8203736-3A4C-4B7E-BA54-12AB3B0DEBA2}.anycpu|x86.Build.0 = anycpu|x86
		{B8203736-3A4C-4B7E-BA54-12AB3B0DEBA2}.Debug|Any CPU.ActiveCfg = Debug|Any CPU
		{B8203736-3A4C-4B7E-BA54-12AB3B0DEBA2}.Debug|Any CPU.Build.0 = Debug|Any CPU
		{B8203736-3A4C-4B7E-BA54-12AB3B0DEBA2}.Debug|Mixed Platforms.ActiveCfg = Debug|x86
		{B8203736-3A4C-4B7E-BA54-12AB3B0DEBA2}.Debug|Mixed Platforms.Build.0 = Debug|x86
		{B8203736-3A4C-4B7E-BA54-12AB3B0DEBA2}.Debug|Win32.ActiveCfg = Debug|x86
		{B8203736-3A4C-4B7E-BA54-12AB3B0DEBA2}.Debug|Win32.Build.0 = Debug|x86
		{B8203736-3A4C-4B7E-BA54-12AB3B0DEBA2}.Debug|x64.ActiveCfg = Debug|x64
		{B8203736-3A4C-4B7E-BA54-12AB3B0DEBA2}.Debug|x64.Build.0 = Debug|x64
		{B8203736-3A4C-4B7E-BA54-12AB3B0DEBA2}.Debug|x86.ActiveCfg = Debug|x86
		{B8203736-3A4C-4B7E-BA54-12AB3B0DEBA2}.Debug|x86.Build.0 = Debug|x86
		{B8203736-3A4C-4B7E-BA54-12AB3B0DEBA2}.Release|Any CPU.ActiveCfg = Release|Any CPU
		{B8203736-3A4C-4B7E-BA54-12AB3B0DEBA2}.Release|Any CPU.Build.0 = Release|Any CPU
		{B8203736-3A4C-4B7E-BA54-12AB3B0DEBA2}.Release|Mixed Platforms.ActiveCfg = Release|x86
		{B8203736-3A4C-4B7E-BA54-12AB3B0DEBA2}.Release|Mixed Platforms.Build.0 = Release|x86
		{B8203736-3A4C-4B7E-BA54-12AB3B0DEBA2}.Release|Win32.ActiveCfg = Release|x86
		{B8203736-3A4C-4B7E-BA54-12AB3B0DEBA2}.Release|Win32.Build.0 = Release|x86
		{B8203736-3A4C-4B7E-BA54-12AB3B0DEBA2}.Release|x64.ActiveCfg = Release|x64
		{B8203736-3A4C-4B7E-BA54-12AB3B0DEBA2}.Release|x64.Build.0 = Release|x64
		{B8203736-3A4C-4B7E-BA54-12AB3B0DEBA2}.Release|x86.ActiveCfg = Release|x86
		{B8203736-3A4C-4B7E-BA54-12AB3B0DEBA2}.Release|x86.Build.0 = Release|x86
	EndGlobalSection
	GlobalSection(SolutionProperties) = preSolution
		HideSolutionNode = FALSE
	EndGlobalSection
	GlobalSection(ExtensibilityGlobals) = postSolution
		SolutionGuid = {CCF4D0A8-6C28-46B5-956C-6619B31383F9}
	EndGlobalSection
EndGlobal
